// !$*UTF8*$!
{
	archiveVersion = 1;
	classes = {
	};
	objectVersion = 46;
	objects = {

/* Begin PBXBuildFile section */
		B602A4361640FFEB0007152E /* GLView.mm in Sources */ = {isa = PBXBuildFile; fileRef = B602A4351640FFEB0007152E /* GLView.mm */; };
		B61EB2B6167E305100B4AE8E /* GLStrip.cpp in Sources */ = {isa = PBXBuildFile; fileRef = B61EB2B4167E305100B4AE8E /* GLStrip.cpp */; };
		B65578F916AE5E0B00CB4636 /* LocationController.m in Sources */ = {isa = PBXBuildFile; fileRef = B65578F816AE5E0B00CB4636 /* LocationController.m */; };
		B65578FB16AE5E2700CB4636 /* CoreLocation.framework in Frameworks */ = {isa = PBXBuildFile; fileRef = B65578FA16AE5E2700CB4636 /* CoreLocation.framework */; };
		B6885CE61653720C009E29FF /* GLTile.cpp in Sources */ = {isa = PBXBuildFile; fileRef = B6885CE41653720C009E29FF /* GLTile.cpp */; };
		B691A19C163E810F0053B398 /* UIKit.framework in Frameworks */ = {isa = PBXBuildFile; fileRef = B691A19B163E810F0053B398 /* UIKit.framework */; };
		B691A19E163E810F0053B398 /* Foundation.framework in Frameworks */ = {isa = PBXBuildFile; fileRef = B691A19D163E810F0053B398 /* Foundation.framework */; };
		B691A1A0163E810F0053B398 /* CoreGraphics.framework in Frameworks */ = {isa = PBXBuildFile; fileRef = B691A19F163E810F0053B398 /* CoreGraphics.framework */; };
		B691A1A6163E810F0053B398 /* InfoPlist.strings in Resources */ = {isa = PBXBuildFile; fileRef = B691A1A4163E810F0053B398 /* InfoPlist.strings */; };
		B691A1A8163E810F0053B398 /* main.mm in Sources */ = {isa = PBXBuildFile; fileRef = B691A1A7163E810F0053B398 /* main.mm */; };
		B691A1AC163E810F0053B398 /* AppDelegate.mm in Sources */ = {isa = PBXBuildFile; fileRef = B691A1AB163E810F0053B398 /* AppDelegate.mm */; };
		B691A1AE163E810F0053B398 /* Default.png in Resources */ = {isa = PBXBuildFile; fileRef = B691A1AD163E810F0053B398 /* Default.png */; };
		B691A1B0163E810F0053B398 /* Default@2x.png in Resources */ = {isa = PBXBuildFile; fileRef = B691A1AF163E810F0053B398 /* Default@2x.png */; };
		B691A1B2163E810F0053B398 /* Default-568h@2x.png in Resources */ = {isa = PBXBuildFile; fileRef = B691A1B1163E810F0053B398 /* Default-568h@2x.png */; };
		B691A1BA163E810F0053B398 /* SenTestingKit.framework in Frameworks */ = {isa = PBXBuildFile; fileRef = B691A1B9163E810F0053B398 /* SenTestingKit.framework */; };
		B691A1BB163E810F0053B398 /* UIKit.framework in Frameworks */ = {isa = PBXBuildFile; fileRef = B691A19B163E810F0053B398 /* UIKit.framework */; };
		B691A1BC163E810F0053B398 /* Foundation.framework in Frameworks */ = {isa = PBXBuildFile; fileRef = B691A19D163E810F0053B398 /* Foundation.framework */; };
		B691A1C4163E810F0053B398 /* InfoPlist.strings in Resources */ = {isa = PBXBuildFile; fileRef = B691A1C2163E810F0053B398 /* InfoPlist.strings */; };
		B691A1C7163E810F0053B398 /* IncantorTests.m in Sources */ = {isa = PBXBuildFile; fileRef = B691A1C6163E810F0053B398 /* IncantorTests.m */; };
		B691A1D1163EFD430053B398 /* OpenGLES.framework in Frameworks */ = {isa = PBXBuildFile; fileRef = B691A1D0163EFD430053B398 /* OpenGLES.framework */; };
		B691A1D3163EFD4B0053B398 /* QuartzCore.framework in Frameworks */ = {isa = PBXBuildFile; fileRef = B691A1D2163EFD4B0053B398 /* QuartzCore.framework */; };
		B69365041644D99B00263411 /* RenderEngine1.cpp in Sources */ = {isa = PBXBuildFile; fileRef = B69365021644D99B00263411 /* RenderEngine1.cpp */; };
		B69365111646414600263411 /* RenderEngine2.cpp in Sources */ = {isa = PBXBuildFile; fileRef = B69365101646414600263411 /* RenderEngine2.cpp */; };
		B69365251647C70400263411 /* Simplefrag.glsl in Resources */ = {isa = PBXBuildFile; fileRef = B69365231647C70400263411 /* Simplefrag.glsl */; };
		B69365261647C70400263411 /* Simplevert.glsl in Resources */ = {isa = PBXBuildFile; fileRef = B69365241647C70400263411 /* Simplevert.glsl */; };
		B693652D16483C2B00263411 /* GLViewController.mm in Sources */ = {isa = PBXBuildFile; fileRef = B693652C16483C2B00263411 /* GLViewController.mm */; };
		B6E5D7A916AFC5EC0078053D /* ASIAuthenticationDialog.m in Sources */ = {isa = PBXBuildFile; fileRef = B6E5D75816AFC5EC0078053D /* ASIAuthenticationDialog.m */; };
		B6E5D7AA16AFC5EC0078053D /* ASIDataCompressor.m in Sources */ = {isa = PBXBuildFile; fileRef = B6E5D75B16AFC5EC0078053D /* ASIDataCompressor.m */; };
		B6E5D7AB16AFC5EC0078053D /* ASIDataDecompressor.m in Sources */ = {isa = PBXBuildFile; fileRef = B6E5D75D16AFC5EC0078053D /* ASIDataDecompressor.m */; };
		B6E5D7AC16AFC5EC0078053D /* ASIDownloadCache.m in Sources */ = {isa = PBXBuildFile; fileRef = B6E5D75F16AFC5EC0078053D /* ASIDownloadCache.m */; };
		B6E5D7AD16AFC5EC0078053D /* ASIFormDataRequest.m in Sources */ = {isa = PBXBuildFile; fileRef = B6E5D76116AFC5EC0078053D /* ASIFormDataRequest.m */; };
		B6E5D7AE16AFC5EC0078053D /* ASIHTTPRequest.m in Sources */ = {isa = PBXBuildFile; fileRef = B6E5D76316AFC5EC0078053D /* ASIHTTPRequest.m */; };
		B6E5D7AF16AFC5EC0078053D /* ASIInputStream.m in Sources */ = {isa = PBXBuildFile; fileRef = B6E5D76716AFC5EC0078053D /* ASIInputStream.m */; };
		B6E5D7B016AFC5EC0078053D /* ASINetworkQueue.m in Sources */ = {isa = PBXBuildFile; fileRef = B6E5D76916AFC5EC0078053D /* ASINetworkQueue.m */; };
		B6E5D7B116AFC5EC0078053D /* ASIWebPageRequest.m in Sources */ = {isa = PBXBuildFile; fileRef = B6E5D76D16AFC5EC0078053D /* ASIWebPageRequest.m */; };
		B6E5D7B216AFC5EC0078053D /* ASICloudFilesCDNRequest.m in Sources */ = {isa = PBXBuildFile; fileRef = B6E5D77016AFC5EC0078053D /* ASICloudFilesCDNRequest.m */; };
		B6E5D7B316AFC5EC0078053D /* ASICloudFilesContainer.m in Sources */ = {isa = PBXBuildFile; fileRef = B6E5D77216AFC5EC0078053D /* ASICloudFilesContainer.m */; };
		B6E5D7B416AFC5EC0078053D /* ASICloudFilesContainerRequest.m in Sources */ = {isa = PBXBuildFile; fileRef = B6E5D77416AFC5EC0078053D /* ASICloudFilesContainerRequest.m */; };
		B6E5D7B516AFC5EC0078053D /* ASICloudFilesContainerXMLParserDelegate.m in Sources */ = {isa = PBXBuildFile; fileRef = B6E5D77616AFC5EC0078053D /* ASICloudFilesContainerXMLParserDelegate.m */; };
		B6E5D7B616AFC5EC0078053D /* ASICloudFilesObject.m in Sources */ = {isa = PBXBuildFile; fileRef = B6E5D77816AFC5EC0078053D /* ASICloudFilesObject.m */; };
		B6E5D7B716AFC5EC0078053D /* ASICloudFilesObjectRequest.m in Sources */ = {isa = PBXBuildFile; fileRef = B6E5D77A16AFC5EC0078053D /* ASICloudFilesObjectRequest.m */; };
		B6E5D7B816AFC5EC0078053D /* ASICloudFilesRequest.m in Sources */ = {isa = PBXBuildFile; fileRef = B6E5D77C16AFC5EC0078053D /* ASICloudFilesRequest.m */; };
		B6E5D7B916AFC5EC0078053D /* ASIS3Bucket.m in Sources */ = {isa = PBXBuildFile; fileRef = B6E5D78016AFC5EC0078053D /* ASIS3Bucket.m */; };
		B6E5D7BA16AFC5EC0078053D /* ASIS3BucketObject.m in Sources */ = {isa = PBXBuildFile; fileRef = B6E5D78216AFC5EC0078053D /* ASIS3BucketObject.m */; };
		B6E5D7BB16AFC5EC0078053D /* ASIS3BucketRequest.m in Sources */ = {isa = PBXBuildFile; fileRef = B6E5D78416AFC5EC0078053D /* ASIS3BucketRequest.m */; };
		B6E5D7BC16AFC5EC0078053D /* ASIS3ObjectRequest.m in Sources */ = {isa = PBXBuildFile; fileRef = B6E5D78616AFC5EC0078053D /* ASIS3ObjectRequest.m */; };
		B6E5D7BD16AFC5EC0078053D /* ASIS3Request.m in Sources */ = {isa = PBXBuildFile; fileRef = B6E5D78816AFC5EC0078053D /* ASIS3Request.m */; };
		B6E5D7BE16AFC5EC0078053D /* ASIS3ServiceRequest.m in Sources */ = {isa = PBXBuildFile; fileRef = B6E5D78A16AFC5EC0078053D /* ASIS3ServiceRequest.m */; };
		B6E5D7BF16AFC5EC0078053D /* ASICloudFilesRequestTests.m in Sources */ = {isa = PBXBuildFile; fileRef = B6E5D78D16AFC5EC0078053D /* ASICloudFilesRequestTests.m */; };
		B6E5D7C016AFC5EC0078053D /* ASIDataCompressorTests.m in Sources */ = {isa = PBXBuildFile; fileRef = B6E5D78F16AFC5EC0078053D /* ASIDataCompressorTests.m */; };
		B6E5D7C116AFC5EC0078053D /* ASIDownloadCacheTests.m in Sources */ = {isa = PBXBuildFile; fileRef = B6E5D79116AFC5EC0078053D /* ASIDownloadCacheTests.m */; };
		B6E5D7C216AFC5EC0078053D /* ASIFormDataRequestTests.m in Sources */ = {isa = PBXBuildFile; fileRef = B6E5D79316AFC5EC0078053D /* ASIFormDataRequestTests.m */; };
		B6E5D7C316AFC5EC0078053D /* ASIHTTPRequestTests.m in Sources */ = {isa = PBXBuildFile; fileRef = B6E5D79516AFC5EC0078053D /* ASIHTTPRequestTests.m */; };
		B6E5D7C416AFC5EC0078053D /* ASINetworkQueueTests.m in Sources */ = {isa = PBXBuildFile; fileRef = B6E5D79716AFC5EC0078053D /* ASINetworkQueueTests.m */; };
		B6E5D7C516AFC5EC0078053D /* ASIS3RequestTests.m in Sources */ = {isa = PBXBuildFile; fileRef = B6E5D79916AFC5EC0078053D /* ASIS3RequestTests.m */; };
		B6E5D7C616AFC5EC0078053D /* ASITestCase.m in Sources */ = {isa = PBXBuildFile; fileRef = B6E5D79B16AFC5EC0078053D /* ASITestCase.m */; };
		B6E5D7C716AFC5EC0078053D /* ASIWebPageRequestTests.m in Sources */ = {isa = PBXBuildFile; fileRef = B6E5D79D16AFC5EC0078053D /* ASIWebPageRequestTests.m */; };
		B6E5D7C816AFC5EC0078053D /* BlocksTests.m in Sources */ = {isa = PBXBuildFile; fileRef = B6E5D79F16AFC5EC0078053D /* BlocksTests.m */; };
		B6E5D7C916AFC5EC0078053D /* ClientCertificateTests.m in Sources */ = {isa = PBXBuildFile; fileRef = B6E5D7A116AFC5EC0078053D /* ClientCertificateTests.m */; };
		B6E5D7CA16AFC5EC0078053D /* GHUnitTestMain.m in Sources */ = {isa = PBXBuildFile; fileRef = B6E5D7A216AFC5EC0078053D /* GHUnitTestMain.m */; };
		B6E5D7CB16AFC5EC0078053D /* PerformanceTests.m in Sources */ = {isa = PBXBuildFile; fileRef = B6E5D7A416AFC5EC0078053D /* PerformanceTests.m */; };
		B6E5D7CC16AFC5EC0078053D /* ProxyTests.m in Sources */ = {isa = PBXBuildFile; fileRef = B6E5D7A616AFC5EC0078053D /* ProxyTests.m */; };
		B6E5D7CD16AFC5EC0078053D /* StressTests.m in Sources */ = {isa = PBXBuildFile; fileRef = B6E5D7A816AFC5EC0078053D /* StressTests.m */; };
		B6E5D7CF16AFC61E0078053D /* CFNetwork.framework in Frameworks */ = {isa = PBXBuildFile; fileRef = B6E5D7CE16AFC61E0078053D /* CFNetwork.framework */; };
		B6E5D7D116AFC62B0078053D /* SystemConfiguration.framework in Frameworks */ = {isa = PBXBuildFile; fileRef = B6E5D7D016AFC62B0078053D /* SystemConfiguration.framework */; };
		B6E5D7D316AFC6300078053D /* MobileCoreServices.framework in Frameworks */ = {isa = PBXBuildFile; fileRef = B6E5D7D216AFC6300078053D /* MobileCoreServices.framework */; };
		B6E5D7D616AFC71A0078053D /* MapTileDownloader.m in Sources */ = {isa = PBXBuildFile; fileRef = B6E5D7D516AFC71A0078053D /* MapTileDownloader.m */; };
/* End PBXBuildFile section */

/* Begin PBXContainerItemProxy section */
		B691A1BD163E810F0053B398 /* PBXContainerItemProxy */ = {
			isa = PBXContainerItemProxy;
			containerPortal = B691A18E163E810F0053B398 /* Project object */;
			proxyType = 1;
			remoteGlobalIDString = B691A196163E810F0053B398;
			remoteInfo = Incantor;
		};
/* End PBXContainerItemProxy section */

/* Begin PBXFileReference section */
		B602A4341640FFEB0007152E /* GLView.h */ = {isa = PBXFileReference; fileEncoding = 4; lastKnownFileType = sourcecode.c.h; path = GLView.h; sourceTree = "<group>"; };
		B602A4351640FFEB0007152E /* GLView.mm */ = {isa = PBXFileReference; fileEncoding = 4; lastKnownFileType = sourcecode.cpp.objcpp; path = GLView.mm; sourceTree = "<group>"; };
		B602A437164107270007152E /* IRenderingEngine.hpp */ = {isa = PBXFileReference; lastKnownFileType = sourcecode.cpp.h; path = IRenderingEngine.hpp; sourceTree = "<group>"; };
		B613A7E7166345D200A0767D /* GLMacros.h */ = {isa = PBXFileReference; lastKnownFileType = sourcecode.c.h; path = GLMacros.h; sourceTree = "<group>"; };
		B61EB2B4167E305100B4AE8E /* GLStrip.cpp */ = {isa = PBXFileReference; fileEncoding = 4; lastKnownFileType = sourcecode.cpp.cpp; path = GLStrip.cpp; sourceTree = "<group>"; };
		B61EB2B5167E305100B4AE8E /* GLStrip.hpp */ = {isa = PBXFileReference; fileEncoding = 4; lastKnownFileType = sourcecode.cpp.h; path = GLStrip.hpp; sourceTree = "<group>"; };
		B65578F716AE5E0B00CB4636 /* LocationController.h */ = {isa = PBXFileReference; fileEncoding = 4; lastKnownFileType = sourcecode.c.h; path = LocationController.h; sourceTree = "<group>"; };
		B65578F816AE5E0B00CB4636 /* LocationController.m */ = {isa = PBXFileReference; fileEncoding = 4; lastKnownFileType = sourcecode.c.objc; path = LocationController.m; sourceTree = "<group>"; };
		B65578FA16AE5E2700CB4636 /* CoreLocation.framework */ = {isa = PBXFileReference; lastKnownFileType = wrapper.framework; name = CoreLocation.framework; path = System/Library/Frameworks/CoreLocation.framework; sourceTree = SDKROOT; };
		B6885CE41653720C009E29FF /* GLTile.cpp */ = {isa = PBXFileReference; fileEncoding = 4; lastKnownFileType = sourcecode.cpp.cpp; path = GLTile.cpp; sourceTree = "<group>"; };
		B6885CE51653720C009E29FF /* GLTile.hpp */ = {isa = PBXFileReference; fileEncoding = 4; lastKnownFileType = sourcecode.cpp.h; path = GLTile.hpp; sourceTree = "<group>"; };
		B6885CE816537F71009E29FF /* GLMath.hpp */ = {isa = PBXFileReference; lastKnownFileType = sourcecode.cpp.h; path = GLMath.hpp; sourceTree = "<group>"; };
		B691A197163E810F0053B398 /* Incantor.app */ = {isa = PBXFileReference; explicitFileType = wrapper.application; includeInIndex = 0; path = Incantor.app; sourceTree = BUILT_PRODUCTS_DIR; };
		B691A19B163E810F0053B398 /* UIKit.framework */ = {isa = PBXFileReference; lastKnownFileType = wrapper.framework; name = UIKit.framework; path = System/Library/Frameworks/UIKit.framework; sourceTree = SDKROOT; };
		B691A19D163E810F0053B398 /* Foundation.framework */ = {isa = PBXFileReference; lastKnownFileType = wrapper.framework; name = Foundation.framework; path = System/Library/Frameworks/Foundation.framework; sourceTree = SDKROOT; };
		B691A19F163E810F0053B398 /* CoreGraphics.framework */ = {isa = PBXFileReference; lastKnownFileType = wrapper.framework; name = CoreGraphics.framework; path = System/Library/Frameworks/CoreGraphics.framework; sourceTree = SDKROOT; };
		B691A1A3163E810F0053B398 /* Incantor-Info.plist */ = {isa = PBXFileReference; lastKnownFileType = text.plist.xml; path = "Incantor-Info.plist"; sourceTree = "<group>"; };
		B691A1A5163E810F0053B398 /* en */ = {isa = PBXFileReference; lastKnownFileType = text.plist.strings; name = en; path = en.lproj/InfoPlist.strings; sourceTree = "<group>"; };
		B691A1A7163E810F0053B398 /* main.mm */ = {isa = PBXFileReference; lastKnownFileType = sourcecode.cpp.objcpp; path = main.mm; sourceTree = "<group>"; };
		B691A1A9163E810F0053B398 /* Incantor-Prefix.pch */ = {isa = PBXFileReference; lastKnownFileType = sourcecode.c.h; path = "Incantor-Prefix.pch"; sourceTree = "<group>"; };
		B691A1AA163E810F0053B398 /* AppDelegate.h */ = {isa = PBXFileReference; lastKnownFileType = sourcecode.c.h; path = AppDelegate.h; sourceTree = "<group>"; };
		B691A1AB163E810F0053B398 /* AppDelegate.mm */ = {isa = PBXFileReference; lastKnownFileType = sourcecode.cpp.objcpp; path = AppDelegate.mm; sourceTree = "<group>"; };
		B691A1AD163E810F0053B398 /* Default.png */ = {isa = PBXFileReference; lastKnownFileType = image.png; path = Default.png; sourceTree = "<group>"; };
		B691A1AF163E810F0053B398 /* Default@2x.png */ = {isa = PBXFileReference; lastKnownFileType = image.png; path = "Default@2x.png"; sourceTree = "<group>"; };
		B691A1B1163E810F0053B398 /* Default-568h@2x.png */ = {isa = PBXFileReference; lastKnownFileType = image.png; path = "Default-568h@2x.png"; sourceTree = "<group>"; };
		B691A1B8163E810F0053B398 /* IncantorTests.octest */ = {isa = PBXFileReference; explicitFileType = wrapper.cfbundle; includeInIndex = 0; path = IncantorTests.octest; sourceTree = BUILT_PRODUCTS_DIR; };
		B691A1B9163E810F0053B398 /* SenTestingKit.framework */ = {isa = PBXFileReference; lastKnownFileType = wrapper.framework; name = SenTestingKit.framework; path = Library/Frameworks/SenTestingKit.framework; sourceTree = DEVELOPER_DIR; };
		B691A1C1163E810F0053B398 /* IncantorTests-Info.plist */ = {isa = PBXFileReference; lastKnownFileType = text.plist.xml; path = "IncantorTests-Info.plist"; sourceTree = "<group>"; };
		B691A1C3163E810F0053B398 /* en */ = {isa = PBXFileReference; lastKnownFileType = text.plist.strings; name = en; path = en.lproj/InfoPlist.strings; sourceTree = "<group>"; };
		B691A1C5163E810F0053B398 /* IncantorTests.h */ = {isa = PBXFileReference; lastKnownFileType = sourcecode.c.h; path = IncantorTests.h; sourceTree = "<group>"; };
		B691A1C6163E810F0053B398 /* IncantorTests.m */ = {isa = PBXFileReference; lastKnownFileType = sourcecode.c.objc; path = IncantorTests.m; sourceTree = "<group>"; };
		B691A1D0163EFD430053B398 /* OpenGLES.framework */ = {isa = PBXFileReference; lastKnownFileType = wrapper.framework; name = OpenGLES.framework; path = System/Library/Frameworks/OpenGLES.framework; sourceTree = SDKROOT; };
		B691A1D2163EFD4B0053B398 /* QuartzCore.framework */ = {isa = PBXFileReference; lastKnownFileType = wrapper.framework; name = QuartzCore.framework; path = System/Library/Frameworks/QuartzCore.framework; sourceTree = SDKROOT; };
		B69365021644D99B00263411 /* RenderEngine1.cpp */ = {isa = PBXFileReference; fileEncoding = 4; lastKnownFileType = sourcecode.cpp.cpp; path = RenderEngine1.cpp; sourceTree = "<group>"; };
		B69365101646414600263411 /* RenderEngine2.cpp */ = {isa = PBXFileReference; fileEncoding = 4; lastKnownFileType = sourcecode.cpp.cpp; path = RenderEngine2.cpp; sourceTree = "<group>"; };
		B69365201647A5B000263411 /* Vector.hpp */ = {isa = PBXFileReference; lastKnownFileType = sourcecode.cpp.h; path = Vector.hpp; sourceTree = "<group>"; };
		B69365211647A5F000263411 /* Matrix.hpp */ = {isa = PBXFileReference; lastKnownFileType = sourcecode.cpp.h; path = Matrix.hpp; sourceTree = "<group>"; };
		B69365221647A62900263411 /* Quaternion.hpp */ = {isa = PBXFileReference; lastKnownFileType = sourcecode.cpp.h; path = Quaternion.hpp; sourceTree = "<group>"; };
		B69365231647C70400263411 /* Simplefrag.glsl */ = {isa = PBXFileReference; fileEncoding = 4; lastKnownFileType = text; name = Simplefrag.glsl; path = Shaders/Simplefrag.glsl; sourceTree = "<group>"; };
		B69365241647C70400263411 /* Simplevert.glsl */ = {isa = PBXFileReference; fileEncoding = 4; lastKnownFileType = text; name = Simplevert.glsl; path = Shaders/Simplevert.glsl; sourceTree = "<group>"; };
		B693652B16483C2B00263411 /* GLViewController.h */ = {isa = PBXFileReference; fileEncoding = 4; lastKnownFileType = sourcecode.c.h; path = GLViewController.h; sourceTree = "<group>"; };
		B693652C16483C2B00263411 /* GLViewController.mm */ = {isa = PBXFileReference; fileEncoding = 4; lastKnownFileType = sourcecode.cpp.objcpp; path = GLViewController.mm; sourceTree = "<group>"; };
		B693653D164926EE00263411 /* MyMath.hpp */ = {isa = PBXFileReference; fileEncoding = 4; lastKnownFileType = sourcecode.cpp.h; path = MyMath.hpp; sourceTree = "<group>"; };
		B6E5D75716AFC5EC0078053D /* ASIAuthenticationDialog.h */ = {isa = PBXFileReference; fileEncoding = 4; lastKnownFileType = sourcecode.c.h; name = ASIAuthenticationDialog.h; path = ASIHTTPRequest/Classes/ASIAuthenticationDialog.h; sourceTree = "<group>"; };
		B6E5D75816AFC5EC0078053D /* ASIAuthenticationDialog.m */ = {isa = PBXFileReference; fileEncoding = 4; lastKnownFileType = sourcecode.c.objc; name = ASIAuthenticationDialog.m; path = ASIHTTPRequest/Classes/ASIAuthenticationDialog.m; sourceTree = "<group>"; };
		B6E5D75916AFC5EC0078053D /* ASICacheDelegate.h */ = {isa = PBXFileReference; fileEncoding = 4; lastKnownFileType = sourcecode.c.h; name = ASICacheDelegate.h; path = ASIHTTPRequest/Classes/ASICacheDelegate.h; sourceTree = "<group>"; };
		B6E5D75A16AFC5EC0078053D /* ASIDataCompressor.h */ = {isa = PBXFileReference; fileEncoding = 4; lastKnownFileType = sourcecode.c.h; name = ASIDataCompressor.h; path = ASIHTTPRequest/Classes/ASIDataCompressor.h; sourceTree = "<group>"; };
		B6E5D75B16AFC5EC0078053D /* ASIDataCompressor.m */ = {isa = PBXFileReference; fileEncoding = 4; lastKnownFileType = sourcecode.c.objc; name = ASIDataCompressor.m; path = ASIHTTPRequest/Classes/ASIDataCompressor.m; sourceTree = "<group>"; };
		B6E5D75C16AFC5EC0078053D /* ASIDataDecompressor.h */ = {isa = PBXFileReference; fileEncoding = 4; lastKnownFileType = sourcecode.c.h; name = ASIDataDecompressor.h; path = ASIHTTPRequest/Classes/ASIDataDecompressor.h; sourceTree = "<group>"; };
		B6E5D75D16AFC5EC0078053D /* ASIDataDecompressor.m */ = {isa = PBXFileReference; fileEncoding = 4; lastKnownFileType = sourcecode.c.objc; name = ASIDataDecompressor.m; path = ASIHTTPRequest/Classes/ASIDataDecompressor.m; sourceTree = "<group>"; };
		B6E5D75E16AFC5EC0078053D /* ASIDownloadCache.h */ = {isa = PBXFileReference; fileEncoding = 4; lastKnownFileType = sourcecode.c.h; name = ASIDownloadCache.h; path = ASIHTTPRequest/Classes/ASIDownloadCache.h; sourceTree = "<group>"; };
		B6E5D75F16AFC5EC0078053D /* ASIDownloadCache.m */ = {isa = PBXFileReference; fileEncoding = 4; lastKnownFileType = sourcecode.c.objc; name = ASIDownloadCache.m; path = ASIHTTPRequest/Classes/ASIDownloadCache.m; sourceTree = "<group>"; };
		B6E5D76016AFC5EC0078053D /* ASIFormDataRequest.h */ = {isa = PBXFileReference; fileEncoding = 4; lastKnownFileType = sourcecode.c.h; name = ASIFormDataRequest.h; path = ASIHTTPRequest/Classes/ASIFormDataRequest.h; sourceTree = "<group>"; };
		B6E5D76116AFC5EC0078053D /* ASIFormDataRequest.m */ = {isa = PBXFileReference; fileEncoding = 4; lastKnownFileType = sourcecode.c.objc; name = ASIFormDataRequest.m; path = ASIHTTPRequest/Classes/ASIFormDataRequest.m; sourceTree = "<group>"; };
		B6E5D76216AFC5EC0078053D /* ASIHTTPRequest.h */ = {isa = PBXFileReference; fileEncoding = 4; lastKnownFileType = sourcecode.c.h; name = ASIHTTPRequest.h; path = ASIHTTPRequest/Classes/ASIHTTPRequest.h; sourceTree = "<group>"; };
		B6E5D76316AFC5EC0078053D /* ASIHTTPRequest.m */ = {isa = PBXFileReference; fileEncoding = 4; lastKnownFileType = sourcecode.c.objc; name = ASIHTTPRequest.m; path = ASIHTTPRequest/Classes/ASIHTTPRequest.m; sourceTree = "<group>"; };
		B6E5D76416AFC5EC0078053D /* ASIHTTPRequestConfig.h */ = {isa = PBXFileReference; fileEncoding = 4; lastKnownFileType = sourcecode.c.h; name = ASIHTTPRequestConfig.h; path = ASIHTTPRequest/Classes/ASIHTTPRequestConfig.h; sourceTree = "<group>"; };
		B6E5D76516AFC5EC0078053D /* ASIHTTPRequestDelegate.h */ = {isa = PBXFileReference; fileEncoding = 4; lastKnownFileType = sourcecode.c.h; name = ASIHTTPRequestDelegate.h; path = ASIHTTPRequest/Classes/ASIHTTPRequestDelegate.h; sourceTree = "<group>"; };
		B6E5D76616AFC5EC0078053D /* ASIInputStream.h */ = {isa = PBXFileReference; fileEncoding = 4; lastKnownFileType = sourcecode.c.h; name = ASIInputStream.h; path = ASIHTTPRequest/Classes/ASIInputStream.h; sourceTree = "<group>"; };
		B6E5D76716AFC5EC0078053D /* ASIInputStream.m */ = {isa = PBXFileReference; fileEncoding = 4; lastKnownFileType = sourcecode.c.objc; name = ASIInputStream.m; path = ASIHTTPRequest/Classes/ASIInputStream.m; sourceTree = "<group>"; };
		B6E5D76816AFC5EC0078053D /* ASINetworkQueue.h */ = {isa = PBXFileReference; fileEncoding = 4; lastKnownFileType = sourcecode.c.h; name = ASINetworkQueue.h; path = ASIHTTPRequest/Classes/ASINetworkQueue.h; sourceTree = "<group>"; };
		B6E5D76916AFC5EC0078053D /* ASINetworkQueue.m */ = {isa = PBXFileReference; fileEncoding = 4; lastKnownFileType = sourcecode.c.objc; name = ASINetworkQueue.m; path = ASIHTTPRequest/Classes/ASINetworkQueue.m; sourceTree = "<group>"; };
		B6E5D76A16AFC5EC0078053D /* ASIProgressDelegate.h */ = {isa = PBXFileReference; fileEncoding = 4; lastKnownFileType = sourcecode.c.h; name = ASIProgressDelegate.h; path = ASIHTTPRequest/Classes/ASIProgressDelegate.h; sourceTree = "<group>"; };
		B6E5D76C16AFC5EC0078053D /* ASIWebPageRequest.h */ = {isa = PBXFileReference; fileEncoding = 4; lastKnownFileType = sourcecode.c.h; path = ASIWebPageRequest.h; sourceTree = "<group>"; };
		B6E5D76D16AFC5EC0078053D /* ASIWebPageRequest.m */ = {isa = PBXFileReference; fileEncoding = 4; lastKnownFileType = sourcecode.c.objc; path = ASIWebPageRequest.m; sourceTree = "<group>"; };
		B6E5D76F16AFC5EC0078053D /* ASICloudFilesCDNRequest.h */ = {isa = PBXFileReference; fileEncoding = 4; lastKnownFileType = sourcecode.c.h; path = ASICloudFilesCDNRequest.h; sourceTree = "<group>"; };
		B6E5D77016AFC5EC0078053D /* ASICloudFilesCDNRequest.m */ = {isa = PBXFileReference; fileEncoding = 4; lastKnownFileType = sourcecode.c.objc; path = ASICloudFilesCDNRequest.m; sourceTree = "<group>"; };
		B6E5D77116AFC5EC0078053D /* ASICloudFilesContainer.h */ = {isa = PBXFileReference; fileEncoding = 4; lastKnownFileType = sourcecode.c.h; path = ASICloudFilesContainer.h; sourceTree = "<group>"; };
		B6E5D77216AFC5EC0078053D /* ASICloudFilesContainer.m */ = {isa = PBXFileReference; fileEncoding = 4; lastKnownFileType = sourcecode.c.objc; path = ASICloudFilesContainer.m; sourceTree = "<group>"; };
		B6E5D77316AFC5EC0078053D /* ASICloudFilesContainerRequest.h */ = {isa = PBXFileReference; fileEncoding = 4; lastKnownFileType = sourcecode.c.h; path = ASICloudFilesContainerRequest.h; sourceTree = "<group>"; };
		B6E5D77416AFC5EC0078053D /* ASICloudFilesContainerRequest.m */ = {isa = PBXFileReference; fileEncoding = 4; lastKnownFileType = sourcecode.c.objc; path = ASICloudFilesContainerRequest.m; sourceTree = "<group>"; };
		B6E5D77516AFC5EC0078053D /* ASICloudFilesContainerXMLParserDelegate.h */ = {isa = PBXFileReference; fileEncoding = 4; lastKnownFileType = sourcecode.c.h; path = ASICloudFilesContainerXMLParserDelegate.h; sourceTree = "<group>"; };
		B6E5D77616AFC5EC0078053D /* ASICloudFilesContainerXMLParserDelegate.m */ = {isa = PBXFileReference; fileEncoding = 4; lastKnownFileType = sourcecode.c.objc; path = ASICloudFilesContainerXMLParserDelegate.m; sourceTree = "<group>"; };
		B6E5D77716AFC5EC0078053D /* ASICloudFilesObject.h */ = {isa = PBXFileReference; fileEncoding = 4; lastKnownFileType = sourcecode.c.h; path = ASICloudFilesObject.h; sourceTree = "<group>"; };
		B6E5D77816AFC5EC0078053D /* ASICloudFilesObject.m */ = {isa = PBXFileReference; fileEncoding = 4; lastKnownFileType = sourcecode.c.objc; path = ASICloudFilesObject.m; sourceTree = "<group>"; };
		B6E5D77916AFC5EC0078053D /* ASICloudFilesObjectRequest.h */ = {isa = PBXFileReference; fileEncoding = 4; lastKnownFileType = sourcecode.c.h; path = ASICloudFilesObjectRequest.h; sourceTree = "<group>"; };
		B6E5D77A16AFC5EC0078053D /* ASICloudFilesObjectRequest.m */ = {isa = PBXFileReference; fileEncoding = 4; lastKnownFileType = sourcecode.c.objc; path = ASICloudFilesObjectRequest.m; sourceTree = "<group>"; };
		B6E5D77B16AFC5EC0078053D /* ASICloudFilesRequest.h */ = {isa = PBXFileReference; fileEncoding = 4; lastKnownFileType = sourcecode.c.h; path = ASICloudFilesRequest.h; sourceTree = "<group>"; };
		B6E5D77C16AFC5EC0078053D /* ASICloudFilesRequest.m */ = {isa = PBXFileReference; fileEncoding = 4; lastKnownFileType = sourcecode.c.objc; path = ASICloudFilesRequest.m; sourceTree = "<group>"; };
		B6E5D77E16AFC5EC0078053D /* ASINSXMLParserCompat.h */ = {isa = PBXFileReference; fileEncoding = 4; lastKnownFileType = sourcecode.c.h; path = ASINSXMLParserCompat.h; sourceTree = "<group>"; };
		B6E5D77F16AFC5EC0078053D /* ASIS3Bucket.h */ = {isa = PBXFileReference; fileEncoding = 4; lastKnownFileType = sourcecode.c.h; path = ASIS3Bucket.h; sourceTree = "<group>"; };
		B6E5D78016AFC5EC0078053D /* ASIS3Bucket.m */ = {isa = PBXFileReference; fileEncoding = 4; lastKnownFileType = sourcecode.c.objc; path = ASIS3Bucket.m; sourceTree = "<group>"; };
		B6E5D78116AFC5EC0078053D /* ASIS3BucketObject.h */ = {isa = PBXFileReference; fileEncoding = 4; lastKnownFileType = sourcecode.c.h; path = ASIS3BucketObject.h; sourceTree = "<group>"; };
		B6E5D78216AFC5EC0078053D /* ASIS3BucketObject.m */ = {isa = PBXFileReference; fileEncoding = 4; lastKnownFileType = sourcecode.c.objc; path = ASIS3BucketObject.m; sourceTree = "<group>"; };
		B6E5D78316AFC5EC0078053D /* ASIS3BucketRequest.h */ = {isa = PBXFileReference; fileEncoding = 4; lastKnownFileType = sourcecode.c.h; path = ASIS3BucketRequest.h; sourceTree = "<group>"; };
		B6E5D78416AFC5EC0078053D /* ASIS3BucketRequest.m */ = {isa = PBXFileReference; fileEncoding = 4; lastKnownFileType = sourcecode.c.objc; path = ASIS3BucketRequest.m; sourceTree = "<group>"; };
		B6E5D78516AFC5EC0078053D /* ASIS3ObjectRequest.h */ = {isa = PBXFileReference; fileEncoding = 4; lastKnownFileType = sourcecode.c.h; path = ASIS3ObjectRequest.h; sourceTree = "<group>"; };
		B6E5D78616AFC5EC0078053D /* ASIS3ObjectRequest.m */ = {isa = PBXFileReference; fileEncoding = 4; lastKnownFileType = sourcecode.c.objc; path = ASIS3ObjectRequest.m; sourceTree = "<group>"; };
		B6E5D78716AFC5EC0078053D /* ASIS3Request.h */ = {isa = PBXFileReference; fileEncoding = 4; lastKnownFileType = sourcecode.c.h; path = ASIS3Request.h; sourceTree = "<group>"; };
		B6E5D78816AFC5EC0078053D /* ASIS3Request.m */ = {isa = PBXFileReference; fileEncoding = 4; lastKnownFileType = sourcecode.c.objc; path = ASIS3Request.m; sourceTree = "<group>"; };
		B6E5D78916AFC5EC0078053D /* ASIS3ServiceRequest.h */ = {isa = PBXFileReference; fileEncoding = 4; lastKnownFileType = sourcecode.c.h; path = ASIS3ServiceRequest.h; sourceTree = "<group>"; };
		B6E5D78A16AFC5EC0078053D /* ASIS3ServiceRequest.m */ = {isa = PBXFileReference; fileEncoding = 4; lastKnownFileType = sourcecode.c.objc; path = ASIS3ServiceRequest.m; sourceTree = "<group>"; };
		B6E5D78C16AFC5EC0078053D /* ASICloudFilesRequestTests.h */ = {isa = PBXFileReference; fileEncoding = 4; lastKnownFileType = sourcecode.c.h; path = ASICloudFilesRequestTests.h; sourceTree = "<group>"; };
		B6E5D78D16AFC5EC0078053D /* ASICloudFilesRequestTests.m */ = {isa = PBXFileReference; fileEncoding = 4; lastKnownFileType = sourcecode.c.objc; path = ASICloudFilesRequestTests.m; sourceTree = "<group>"; };
		B6E5D78E16AFC5EC0078053D /* ASIDataCompressorTests.h */ = {isa = PBXFileReference; fileEncoding = 4; lastKnownFileType = sourcecode.c.h; path = ASIDataCompressorTests.h; sourceTree = "<group>"; };
		B6E5D78F16AFC5EC0078053D /* ASIDataCompressorTests.m */ = {isa = PBXFileReference; fileEncoding = 4; lastKnownFileType = sourcecode.c.objc; path = ASIDataCompressorTests.m; sourceTree = "<group>"; };
		B6E5D79016AFC5EC0078053D /* ASIDownloadCacheTests.h */ = {isa = PBXFileReference; fileEncoding = 4; lastKnownFileType = sourcecode.c.h; path = ASIDownloadCacheTests.h; sourceTree = "<group>"; };
		B6E5D79116AFC5EC0078053D /* ASIDownloadCacheTests.m */ = {isa = PBXFileReference; fileEncoding = 4; lastKnownFileType = sourcecode.c.objc; path = ASIDownloadCacheTests.m; sourceTree = "<group>"; };
		B6E5D79216AFC5EC0078053D /* ASIFormDataRequestTests.h */ = {isa = PBXFileReference; fileEncoding = 4; lastKnownFileType = sourcecode.c.h; path = ASIFormDataRequestTests.h; sourceTree = "<group>"; };
		B6E5D79316AFC5EC0078053D /* ASIFormDataRequestTests.m */ = {isa = PBXFileReference; fileEncoding = 4; lastKnownFileType = sourcecode.c.objc; path = ASIFormDataRequestTests.m; sourceTree = "<group>"; };
		B6E5D79416AFC5EC0078053D /* ASIHTTPRequestTests.h */ = {isa = PBXFileReference; fileEncoding = 4; lastKnownFileType = sourcecode.c.h; path = ASIHTTPRequestTests.h; sourceTree = "<group>"; };
		B6E5D79516AFC5EC0078053D /* ASIHTTPRequestTests.m */ = {isa = PBXFileReference; fileEncoding = 4; lastKnownFileType = sourcecode.c.objc; path = ASIHTTPRequestTests.m; sourceTree = "<group>"; };
		B6E5D79616AFC5EC0078053D /* ASINetworkQueueTests.h */ = {isa = PBXFileReference; fileEncoding = 4; lastKnownFileType = sourcecode.c.h; path = ASINetworkQueueTests.h; sourceTree = "<group>"; };
		B6E5D79716AFC5EC0078053D /* ASINetworkQueueTests.m */ = {isa = PBXFileReference; fileEncoding = 4; lastKnownFileType = sourcecode.c.objc; path = ASINetworkQueueTests.m; sourceTree = "<group>"; };
		B6E5D79816AFC5EC0078053D /* ASIS3RequestTests.h */ = {isa = PBXFileReference; fileEncoding = 4; lastKnownFileType = sourcecode.c.h; path = ASIS3RequestTests.h; sourceTree = "<group>"; };
		B6E5D79916AFC5EC0078053D /* ASIS3RequestTests.m */ = {isa = PBXFileReference; fileEncoding = 4; lastKnownFileType = sourcecode.c.objc; path = ASIS3RequestTests.m; sourceTree = "<group>"; };
		B6E5D79A16AFC5EC0078053D /* ASITestCase.h */ = {isa = PBXFileReference; fileEncoding = 4; lastKnownFileType = sourcecode.c.h; path = ASITestCase.h; sourceTree = "<group>"; };
		B6E5D79B16AFC5EC0078053D /* ASITestCase.m */ = {isa = PBXFileReference; fileEncoding = 4; lastKnownFileType = sourcecode.c.objc; path = ASITestCase.m; sourceTree = "<group>"; };
		B6E5D79C16AFC5EC0078053D /* ASIWebPageRequestTests.h */ = {isa = PBXFileReference; fileEncoding = 4; lastKnownFileType = sourcecode.c.h; path = ASIWebPageRequestTests.h; sourceTree = "<group>"; };
		B6E5D79D16AFC5EC0078053D /* ASIWebPageRequestTests.m */ = {isa = PBXFileReference; fileEncoding = 4; lastKnownFileType = sourcecode.c.objc; path = ASIWebPageRequestTests.m; sourceTree = "<group>"; };
		B6E5D79E16AFC5EC0078053D /* BlocksTests.h */ = {isa = PBXFileReference; fileEncoding = 4; lastKnownFileType = sourcecode.c.h; path = BlocksTests.h; sourceTree = "<group>"; };
		B6E5D79F16AFC5EC0078053D /* BlocksTests.m */ = {isa = PBXFileReference; fileEncoding = 4; lastKnownFileType = sourcecode.c.objc; path = BlocksTests.m; sourceTree = "<group>"; };
		B6E5D7A016AFC5EC0078053D /* ClientCertificateTests.h */ = {isa = PBXFileReference; fileEncoding = 4; lastKnownFileType = sourcecode.c.h; path = ClientCertificateTests.h; sourceTree = "<group>"; };
		B6E5D7A116AFC5EC0078053D /* ClientCertificateTests.m */ = {isa = PBXFileReference; fileEncoding = 4; lastKnownFileType = sourcecode.c.objc; path = ClientCertificateTests.m; sourceTree = "<group>"; };
		B6E5D7A216AFC5EC0078053D /* GHUnitTestMain.m */ = {isa = PBXFileReference; fileEncoding = 4; lastKnownFileType = sourcecode.c.objc; path = GHUnitTestMain.m; sourceTree = "<group>"; };
		B6E5D7A316AFC5EC0078053D /* PerformanceTests.h */ = {isa = PBXFileReference; fileEncoding = 4; lastKnownFileType = sourcecode.c.h; path = PerformanceTests.h; sourceTree = "<group>"; };
		B6E5D7A416AFC5EC0078053D /* PerformanceTests.m */ = {isa = PBXFileReference; fileEncoding = 4; lastKnownFileType = sourcecode.c.objc; path = PerformanceTests.m; sourceTree = "<group>"; };
		B6E5D7A516AFC5EC0078053D /* ProxyTests.h */ = {isa = PBXFileReference; fileEncoding = 4; lastKnownFileType = sourcecode.c.h; path = ProxyTests.h; sourceTree = "<group>"; };
		B6E5D7A616AFC5EC0078053D /* ProxyTests.m */ = {isa = PBXFileReference; fileEncoding = 4; lastKnownFileType = sourcecode.c.objc; path = ProxyTests.m; sourceTree = "<group>"; };
		B6E5D7A716AFC5EC0078053D /* StressTests.h */ = {isa = PBXFileReference; fileEncoding = 4; lastKnownFileType = sourcecode.c.h; path = StressTests.h; sourceTree = "<group>"; };
		B6E5D7A816AFC5EC0078053D /* StressTests.m */ = {isa = PBXFileReference; fileEncoding = 4; lastKnownFileType = sourcecode.c.objc; path = StressTests.m; sourceTree = "<group>"; };
		B6E5D7CE16AFC61E0078053D /* CFNetwork.framework */ = {isa = PBXFileReference; lastKnownFileType = wrapper.framework; name = CFNetwork.framework; path = System/Library/Frameworks/CFNetwork.framework; sourceTree = SDKROOT; };
		B6E5D7D016AFC62B0078053D /* SystemConfiguration.framework */ = {isa = PBXFileReference; lastKnownFileType = wrapper.framework; name = SystemConfiguration.framework; path = System/Library/Frameworks/SystemConfiguration.framework; sourceTree = SDKROOT; };
		B6E5D7D216AFC6300078053D /* MobileCoreServices.framework */ = {isa = PBXFileReference; lastKnownFileType = wrapper.framework; name = MobileCoreServices.framework; path = System/Library/Frameworks/MobileCoreServices.framework; sourceTree = SDKROOT; };
		B6E5D7D416AFC71A0078053D /* MapTileDownloader.h */ = {isa = PBXFileReference; fileEncoding = 4; lastKnownFileType = sourcecode.c.h; path = MapTileDownloader.h; sourceTree = "<group>"; };
		B6E5D7D516AFC71A0078053D /* MapTileDownloader.m */ = {isa = PBXFileReference; fileEncoding = 4; lastKnownFileType = sourcecode.c.objc; path = MapTileDownloader.m; sourceTree = "<group>"; };
/* End PBXFileReference section */

/* Begin PBXFrameworksBuildPhase section */
		B691A194163E810F0053B398 /* Frameworks */ = {
			isa = PBXFrameworksBuildPhase;
			buildActionMask = 2147483647;
			files = (
				B6E5D7D316AFC6300078053D /* MobileCoreServices.framework in Frameworks */,
				B6E5D7D116AFC62B0078053D /* SystemConfiguration.framework in Frameworks */,
				B6E5D7CF16AFC61E0078053D /* CFNetwork.framework in Frameworks */,
				B65578FB16AE5E2700CB4636 /* CoreLocation.framework in Frameworks */,
				B691A1D3163EFD4B0053B398 /* QuartzCore.framework in Frameworks */,
				B691A1D1163EFD430053B398 /* OpenGLES.framework in Frameworks */,
				B691A19C163E810F0053B398 /* UIKit.framework in Frameworks */,
				B691A19E163E810F0053B398 /* Foundation.framework in Frameworks */,
				B691A1A0163E810F0053B398 /* CoreGraphics.framework in Frameworks */,
			);
			runOnlyForDeploymentPostprocessing = 0;
		};
		B691A1B4163E810F0053B398 /* Frameworks */ = {
			isa = PBXFrameworksBuildPhase;
			buildActionMask = 2147483647;
			files = (
				B691A1BA163E810F0053B398 /* SenTestingKit.framework in Frameworks */,
				B691A1BB163E810F0053B398 /* UIKit.framework in Frameworks */,
				B691A1BC163E810F0053B398 /* Foundation.framework in Frameworks */,
			);
			runOnlyForDeploymentPostprocessing = 0;
		};
/* End PBXFrameworksBuildPhase section */

/* Begin PBXGroup section */
		B65578EE16AA735E00CB4636 /* Models */ = {
			isa = PBXGroup;
			children = (
				B65578F016AA737300CB4636 /* GLObjects */,
			);
			name = Models;
			sourceTree = "<group>";
		};
		B65578F016AA737300CB4636 /* GLObjects */ = {
			isa = PBXGroup;
			children = (
				B61EB2B4167E305100B4AE8E /* GLStrip.cpp */,
				B61EB2B5167E305100B4AE8E /* GLStrip.hpp */,
				B6885CE41653720C009E29FF /* GLTile.cpp */,
				B6885CE51653720C009E29FF /* GLTile.hpp */,
			);
			name = GLObjects;
			sourceTree = "<group>";
		};
		B65578F116AA739D00CB4636 /* Controllers */ = {
			isa = PBXGroup;
			children = (
				B65578F616AA742600CB4636 /* RenderEngine */,
				B65578F516AA741A00CB4636 /* Screens */,
				B65578F716AE5E0B00CB4636 /* LocationController.h */,
				B65578F816AE5E0B00CB4636 /* LocationController.m */,
				B6E5D7D416AFC71A0078053D /* MapTileDownloader.h */,
				B6E5D7D516AFC71A0078053D /* MapTileDownloader.m */,
			);
			name = Controllers;
			sourceTree = "<group>";
		};
		B65578F316AA73D400CB4636 /* Views */ = {
			isa = PBXGroup;
			children = (
				B602A4341640FFEB0007152E /* GLView.h */,
				B602A4351640FFEB0007152E /* GLView.mm */,
			);
			name = Views;
			sourceTree = "<group>";
		};
		B65578F416AA73E100CB4636 /* Macros */ = {
			isa = PBXGroup;
			children = (
				B6885CE816537F71009E29FF /* GLMath.hpp */,
				B693653D164926EE00263411 /* MyMath.hpp */,
				B613A7E7166345D200A0767D /* GLMacros.h */,
				B69365201647A5B000263411 /* Vector.hpp */,
				B69365211647A5F000263411 /* Matrix.hpp */,
				B69365221647A62900263411 /* Quaternion.hpp */,
			);
			name = Macros;
			sourceTree = "<group>";
		};
		B65578F516AA741A00CB4636 /* Screens */ = {
			isa = PBXGroup;
			children = (
				B693652B16483C2B00263411 /* GLViewController.h */,
				B693652C16483C2B00263411 /* GLViewController.mm */,
			);
			name = Screens;
			sourceTree = "<group>";
		};
		B65578F616AA742600CB4636 /* RenderEngine */ = {
			isa = PBXGroup;
			children = (
				B69365021644D99B00263411 /* RenderEngine1.cpp */,
				B69365101646414600263411 /* RenderEngine2.cpp */,
				B602A437164107270007152E /* IRenderingEngine.hpp */,
			);
			name = RenderEngine;
			sourceTree = "<group>";
		};
		B6885CFA165CD038009E29FF /* GLMacros */ = {
			isa = PBXGroup;
			children = (
			);
			name = GLMacros;
			sourceTree = "<group>";
		};
		B691A18C163E810F0053B398 = {
			isa = PBXGroup;
			children = (
				B6E5D7D216AFC6300078053D /* MobileCoreServices.framework */,
				B6E5D7D016AFC62B0078053D /* SystemConfiguration.framework */,
				B6E5D7CE16AFC61E0078053D /* CFNetwork.framework */,
				B65578F416AA73E100CB4636 /* Macros */,
				B65578F316AA73D400CB4636 /* Views */,
				B65578F116AA739D00CB4636 /* Controllers */,
				B65578EE16AA735E00CB4636 /* Models */,
				B6885CFA165CD038009E29FF /* GLMacros */,
				B693650A16463E3900263411 /* Shaders */,
				B691A1A1163E810F0053B398 /* Incantor */,
				B691A1BF163E810F0053B398 /* IncantorTests */,
				B691A19A163E810F0053B398 /* Frameworks */,
				B691A198163E810F0053B398 /* Products */,
			);
			sourceTree = "<group>";
		};
		B691A198163E810F0053B398 /* Products */ = {
			isa = PBXGroup;
			children = (
				B691A197163E810F0053B398 /* Incantor.app */,
				B691A1B8163E810F0053B398 /* IncantorTests.octest */,
			);
			name = Products;
			sourceTree = "<group>";
		};
		B691A19A163E810F0053B398 /* Frameworks */ = {
			isa = PBXGroup;
			children = (
				B6E5D75616AFC5580078053D /* ASIHTTPRequest */,
				B65578FA16AE5E2700CB4636 /* CoreLocation.framework */,
				B691A1D2163EFD4B0053B398 /* QuartzCore.framework */,
				B691A1D0163EFD430053B398 /* OpenGLES.framework */,
				B691A19B163E810F0053B398 /* UIKit.framework */,
				B691A19D163E810F0053B398 /* Foundation.framework */,
				B691A19F163E810F0053B398 /* CoreGraphics.framework */,
				B691A1B9163E810F0053B398 /* SenTestingKit.framework */,
			);
			name = Frameworks;
			sourceTree = "<group>";
		};
		B691A1A1163E810F0053B398 /* Incantor */ = {
			isa = PBXGroup;
			children = (
				B691A1AA163E810F0053B398 /* AppDelegate.h */,
				B691A1AB163E810F0053B398 /* AppDelegate.mm */,
				B691A1A2163E810F0053B398 /* Supporting Files */,
			);
			path = Incantor;
			sourceTree = "<group>";
		};
		B691A1A2163E810F0053B398 /* Supporting Files */ = {
			isa = PBXGroup;
			children = (
				B691A1A3163E810F0053B398 /* Incantor-Info.plist */,
				B691A1A4163E810F0053B398 /* InfoPlist.strings */,
				B691A1A7163E810F0053B398 /* main.mm */,
				B691A1A9163E810F0053B398 /* Incantor-Prefix.pch */,
				B691A1AD163E810F0053B398 /* Default.png */,
				B691A1AF163E810F0053B398 /* Default@2x.png */,
				B691A1B1163E810F0053B398 /* Default-568h@2x.png */,
			);
			name = "Supporting Files";
			sourceTree = "<group>";
		};
		B691A1BF163E810F0053B398 /* IncantorTests */ = {
			isa = PBXGroup;
			children = (
				B691A1C5163E810F0053B398 /* IncantorTests.h */,
				B691A1C6163E810F0053B398 /* IncantorTests.m */,
				B691A1C0163E810F0053B398 /* Supporting Files */,
			);
			path = IncantorTests;
			sourceTree = "<group>";
		};
		B691A1C0163E810F0053B398 /* Supporting Files */ = {
			isa = PBXGroup;
			children = (
				B691A1C1163E810F0053B398 /* IncantorTests-Info.plist */,
				B691A1C2163E810F0053B398 /* InfoPlist.strings */,
			);
			name = "Supporting Files";
			sourceTree = "<group>";
		};
		B693650A16463E3900263411 /* Shaders */ = {
			isa = PBXGroup;
			children = (
				B69365231647C70400263411 /* Simplefrag.glsl */,
				B69365241647C70400263411 /* Simplevert.glsl */,
			);
			name = Shaders;
			sourceTree = "<group>";
		};
		B6E5D75616AFC5580078053D /* ASIHTTPRequest */ = {
			isa = PBXGroup;
			children = (
				B6E5D75716AFC5EC0078053D /* ASIAuthenticationDialog.h */,
				B6E5D75816AFC5EC0078053D /* ASIAuthenticationDialog.m */,
				B6E5D75916AFC5EC0078053D /* ASICacheDelegate.h */,
				B6E5D75A16AFC5EC0078053D /* ASIDataCompressor.h */,
				B6E5D75B16AFC5EC0078053D /* ASIDataCompressor.m */,
				B6E5D75C16AFC5EC0078053D /* ASIDataDecompressor.h */,
				B6E5D75D16AFC5EC0078053D /* ASIDataDecompressor.m */,
				B6E5D75E16AFC5EC0078053D /* ASIDownloadCache.h */,
				B6E5D75F16AFC5EC0078053D /* ASIDownloadCache.m */,
				B6E5D76016AFC5EC0078053D /* ASIFormDataRequest.h */,
				B6E5D76116AFC5EC0078053D /* ASIFormDataRequest.m */,
				B6E5D76216AFC5EC0078053D /* ASIHTTPRequest.h */,
				B6E5D76316AFC5EC0078053D /* ASIHTTPRequest.m */,
				B6E5D76416AFC5EC0078053D /* ASIHTTPRequestConfig.h */,
				B6E5D76516AFC5EC0078053D /* ASIHTTPRequestDelegate.h */,
				B6E5D76616AFC5EC0078053D /* ASIInputStream.h */,
				B6E5D76716AFC5EC0078053D /* ASIInputStream.m */,
				B6E5D76816AFC5EC0078053D /* ASINetworkQueue.h */,
				B6E5D76916AFC5EC0078053D /* ASINetworkQueue.m */,
				B6E5D76A16AFC5EC0078053D /* ASIProgressDelegate.h */,
				B6E5D76B16AFC5EC0078053D /* ASIWebPageRequest */,
				B6E5D76E16AFC5EC0078053D /* CloudFiles */,
				B6E5D77D16AFC5EC0078053D /* S3 */,
				B6E5D78B16AFC5EC0078053D /* Tests */,
			);
			name = ASIHTTPRequest;
			sourceTree = "<group>";
		};
		B6E5D76B16AFC5EC0078053D /* ASIWebPageRequest */ = {
			isa = PBXGroup;
			children = (
				B6E5D76C16AFC5EC0078053D /* ASIWebPageRequest.h */,
				B6E5D76D16AFC5EC0078053D /* ASIWebPageRequest.m */,
			);
			name = ASIWebPageRequest;
			path = ASIHTTPRequest/Classes/ASIWebPageRequest;
			sourceTree = "<group>";
		};
		B6E5D76E16AFC5EC0078053D /* CloudFiles */ = {
			isa = PBXGroup;
			children = (
				B6E5D76F16AFC5EC0078053D /* ASICloudFilesCDNRequest.h */,
				B6E5D77016AFC5EC0078053D /* ASICloudFilesCDNRequest.m */,
				B6E5D77116AFC5EC0078053D /* ASICloudFilesContainer.h */,
				B6E5D77216AFC5EC0078053D /* ASICloudFilesContainer.m */,
				B6E5D77316AFC5EC0078053D /* ASICloudFilesContainerRequest.h */,
				B6E5D77416AFC5EC0078053D /* ASICloudFilesContainerRequest.m */,
				B6E5D77516AFC5EC0078053D /* ASICloudFilesContainerXMLParserDelegate.h */,
				B6E5D77616AFC5EC0078053D /* ASICloudFilesContainerXMLParserDelegate.m */,
				B6E5D77716AFC5EC0078053D /* ASICloudFilesObject.h */,
				B6E5D77816AFC5EC0078053D /* ASICloudFilesObject.m */,
				B6E5D77916AFC5EC0078053D /* ASICloudFilesObjectRequest.h */,
				B6E5D77A16AFC5EC0078053D /* ASICloudFilesObjectRequest.m */,
				B6E5D77B16AFC5EC0078053D /* ASICloudFilesRequest.h */,
				B6E5D77C16AFC5EC0078053D /* ASICloudFilesRequest.m */,
			);
			name = CloudFiles;
			path = ASIHTTPRequest/Classes/CloudFiles;
			sourceTree = "<group>";
		};
		B6E5D77D16AFC5EC0078053D /* S3 */ = {
			isa = PBXGroup;
			children = (
				B6E5D77E16AFC5EC0078053D /* ASINSXMLParserCompat.h */,
				B6E5D77F16AFC5EC0078053D /* ASIS3Bucket.h */,
				B6E5D78016AFC5EC0078053D /* ASIS3Bucket.m */,
				B6E5D78116AFC5EC0078053D /* ASIS3BucketObject.h */,
				B6E5D78216AFC5EC0078053D /* ASIS3BucketObject.m */,
				B6E5D78316AFC5EC0078053D /* ASIS3BucketRequest.h */,
				B6E5D78416AFC5EC0078053D /* ASIS3BucketRequest.m */,
				B6E5D78516AFC5EC0078053D /* ASIS3ObjectRequest.h */,
				B6E5D78616AFC5EC0078053D /* ASIS3ObjectRequest.m */,
				B6E5D78716AFC5EC0078053D /* ASIS3Request.h */,
				B6E5D78816AFC5EC0078053D /* ASIS3Request.m */,
				B6E5D78916AFC5EC0078053D /* ASIS3ServiceRequest.h */,
				B6E5D78A16AFC5EC0078053D /* ASIS3ServiceRequest.m */,
			);
			name = S3;
			path = ASIHTTPRequest/Classes/S3;
			sourceTree = "<group>";
		};
		B6E5D78B16AFC5EC0078053D /* Tests */ = {
			isa = PBXGroup;
			children = (
				B6E5D78C16AFC5EC0078053D /* ASICloudFilesRequestTests.h */,
				B6E5D78D16AFC5EC0078053D /* ASICloudFilesRequestTests.m */,
				B6E5D78E16AFC5EC0078053D /* ASIDataCompressorTests.h */,
				B6E5D78F16AFC5EC0078053D /* ASIDataCompressorTests.m */,
				B6E5D79016AFC5EC0078053D /* ASIDownloadCacheTests.h */,
				B6E5D79116AFC5EC0078053D /* ASIDownloadCacheTests.m */,
				B6E5D79216AFC5EC0078053D /* ASIFormDataRequestTests.h */,
				B6E5D79316AFC5EC0078053D /* ASIFormDataRequestTests.m */,
				B6E5D79416AFC5EC0078053D /* ASIHTTPRequestTests.h */,
				B6E5D79516AFC5EC0078053D /* ASIHTTPRequestTests.m */,
				B6E5D79616AFC5EC0078053D /* ASINetworkQueueTests.h */,
				B6E5D79716AFC5EC0078053D /* ASINetworkQueueTests.m */,
				B6E5D79816AFC5EC0078053D /* ASIS3RequestTests.h */,
				B6E5D79916AFC5EC0078053D /* ASIS3RequestTests.m */,
				B6E5D79A16AFC5EC0078053D /* ASITestCase.h */,
				B6E5D79B16AFC5EC0078053D /* ASITestCase.m */,
				B6E5D79C16AFC5EC0078053D /* ASIWebPageRequestTests.h */,
				B6E5D79D16AFC5EC0078053D /* ASIWebPageRequestTests.m */,
				B6E5D79E16AFC5EC0078053D /* BlocksTests.h */,
				B6E5D79F16AFC5EC0078053D /* BlocksTests.m */,
				B6E5D7A016AFC5EC0078053D /* ClientCertificateTests.h */,
				B6E5D7A116AFC5EC0078053D /* ClientCertificateTests.m */,
				B6E5D7A216AFC5EC0078053D /* GHUnitTestMain.m */,
				B6E5D7A316AFC5EC0078053D /* PerformanceTests.h */,
				B6E5D7A416AFC5EC0078053D /* PerformanceTests.m */,
				B6E5D7A516AFC5EC0078053D /* ProxyTests.h */,
				B6E5D7A616AFC5EC0078053D /* ProxyTests.m */,
				B6E5D7A716AFC5EC0078053D /* StressTests.h */,
				B6E5D7A816AFC5EC0078053D /* StressTests.m */,
			);
			name = Tests;
			path = ASIHTTPRequest/Classes/Tests;
			sourceTree = "<group>";
		};
/* End PBXGroup section */

/* Begin PBXNativeTarget section */
		B691A196163E810F0053B398 /* Incantor */ = {
			isa = PBXNativeTarget;
			buildConfigurationList = B691A1CA163E810F0053B398 /* Build configuration list for PBXNativeTarget "Incantor" */;
			buildPhases = (
				B691A193163E810F0053B398 /* Sources */,
				B691A194163E810F0053B398 /* Frameworks */,
				B691A195163E810F0053B398 /* Resources */,
			);
			buildRules = (
			);
			dependencies = (
			);
			name = Incantor;
			productName = Incantor;
			productReference = B691A197163E810F0053B398 /* Incantor.app */;
			productType = "com.apple.product-type.application";
		};
		B691A1B7163E810F0053B398 /* IncantorTests */ = {
			isa = PBXNativeTarget;
			buildConfigurationList = B691A1CD163E810F0053B398 /* Build configuration list for PBXNativeTarget "IncantorTests" */;
			buildPhases = (
				B691A1B3163E810F0053B398 /* Sources */,
				B691A1B4163E810F0053B398 /* Frameworks */,
				B691A1B5163E810F0053B398 /* Resources */,
				B691A1B6163E810F0053B398 /* ShellScript */,
			);
			buildRules = (
			);
			dependencies = (
				B691A1BE163E810F0053B398 /* PBXTargetDependency */,
			);
			name = IncantorTests;
			productName = IncantorTests;
			productReference = B691A1B8163E810F0053B398 /* IncantorTests.octest */;
			productType = "com.apple.product-type.bundle";
		};
/* End PBXNativeTarget section */

/* Begin PBXProject section */
		B691A18E163E810F0053B398 /* Project object */ = {
			isa = PBXProject;
			attributes = {
				LastUpgradeCheck = 0450;
				ORGANIZATIONNAME = Sagar;
			};
			buildConfigurationList = B691A191163E810F0053B398 /* Build configuration list for PBXProject "Incantor" */;
			compatibilityVersion = "Xcode 3.2";
			developmentRegion = English;
			hasScannedForEncodings = 0;
			knownRegions = (
				en,
			);
			mainGroup = B691A18C163E810F0053B398;
			productRefGroup = B691A198163E810F0053B398 /* Products */;
			projectDirPath = "";
			projectRoot = "";
			targets = (
				B691A196163E810F0053B398 /* Incantor */,
				B691A1B7163E810F0053B398 /* IncantorTests */,
			);
		};
/* End PBXProject section */

/* Begin PBXResourcesBuildPhase section */
		B691A195163E810F0053B398 /* Resources */ = {
			isa = PBXResourcesBuildPhase;
			buildActionMask = 2147483647;
			files = (
				B691A1A6163E810F0053B398 /* InfoPlist.strings in Resources */,
				B691A1AE163E810F0053B398 /* Default.png in Resources */,
				B691A1B0163E810F0053B398 /* Default@2x.png in Resources */,
				B691A1B2163E810F0053B398 /* Default-568h@2x.png in Resources */,
				B69365251647C70400263411 /* Simplefrag.glsl in Resources */,
				B69365261647C70400263411 /* Simplevert.glsl in Resources */,
			);
			runOnlyForDeploymentPostprocessing = 0;
		};
		B691A1B5163E810F0053B398 /* Resources */ = {
			isa = PBXResourcesBuildPhase;
			buildActionMask = 2147483647;
			files = (
				B691A1C4163E810F0053B398 /* InfoPlist.strings in Resources */,
			);
			runOnlyForDeploymentPostprocessing = 0;
		};
/* End PBXResourcesBuildPhase section */

/* Begin PBXShellScriptBuildPhase section */
		B691A1B6163E810F0053B398 /* ShellScript */ = {
			isa = PBXShellScriptBuildPhase;
			buildActionMask = 2147483647;
			files = (
			);
			inputPaths = (
			);
			outputPaths = (
			);
			runOnlyForDeploymentPostprocessing = 0;
			shellPath = /bin/sh;
			shellScript = "# Run the unit tests in this test bundle.\n\"${SYSTEM_DEVELOPER_DIR}/Tools/RunUnitTests\"\n";
		};
/* End PBXShellScriptBuildPhase section */

/* Begin PBXSourcesBuildPhase section */
		B691A193163E810F0053B398 /* Sources */ = {
			isa = PBXSourcesBuildPhase;
			buildActionMask = 2147483647;
			files = (
				B691A1A8163E810F0053B398 /* main.mm in Sources */,
				B691A1AC163E810F0053B398 /* AppDelegate.mm in Sources */,
				B602A4361640FFEB0007152E /* GLView.mm in Sources */,
				B69365041644D99B00263411 /* RenderEngine1.cpp in Sources */,
				B69365111646414600263411 /* RenderEngine2.cpp in Sources */,
				B693652D16483C2B00263411 /* GLViewController.mm in Sources */,
				B6885CE61653720C009E29FF /* GLTile.cpp in Sources */,
				B61EB2B6167E305100B4AE8E /* GLStrip.cpp in Sources */,
				B65578F916AE5E0B00CB4636 /* LocationController.m in Sources */,
				B6E5D7A916AFC5EC0078053D /* ASIAuthenticationDialog.m in Sources */,
				B6E5D7AA16AFC5EC0078053D /* ASIDataCompressor.m in Sources */,
				B6E5D7AB16AFC5EC0078053D /* ASIDataDecompressor.m in Sources */,
				B6E5D7AC16AFC5EC0078053D /* ASIDownloadCache.m in Sources */,
				B6E5D7AD16AFC5EC0078053D /* ASIFormDataRequest.m in Sources */,
				B6E5D7AE16AFC5EC0078053D /* ASIHTTPRequest.m in Sources */,
				B6E5D7AF16AFC5EC0078053D /* ASIInputStream.m in Sources */,
				B6E5D7B016AFC5EC0078053D /* ASINetworkQueue.m in Sources */,
				B6E5D7B116AFC5EC0078053D /* ASIWebPageRequest.m in Sources */,
				B6E5D7B216AFC5EC0078053D /* ASICloudFilesCDNRequest.m in Sources */,
				B6E5D7B316AFC5EC0078053D /* ASICloudFilesContainer.m in Sources */,
				B6E5D7B416AFC5EC0078053D /* ASICloudFilesContainerRequest.m in Sources */,
				B6E5D7B516AFC5EC0078053D /* ASICloudFilesContainerXMLParserDelegate.m in Sources */,
				B6E5D7B616AFC5EC0078053D /* ASICloudFilesObject.m in Sources */,
				B6E5D7B716AFC5EC0078053D /* ASICloudFilesObjectRequest.m in Sources */,
				B6E5D7B816AFC5EC0078053D /* ASICloudFilesRequest.m in Sources */,
				B6E5D7B916AFC5EC0078053D /* ASIS3Bucket.m in Sources */,
				B6E5D7BA16AFC5EC0078053D /* ASIS3BucketObject.m in Sources */,
				B6E5D7BB16AFC5EC0078053D /* ASIS3BucketRequest.m in Sources */,
				B6E5D7BC16AFC5EC0078053D /* ASIS3ObjectRequest.m in Sources */,
				B6E5D7BD16AFC5EC0078053D /* ASIS3Request.m in Sources */,
				B6E5D7BE16AFC5EC0078053D /* ASIS3ServiceRequest.m in Sources */,
				B6E5D7BF16AFC5EC0078053D /* ASICloudFilesRequestTests.m in Sources */,
				B6E5D7C016AFC5EC0078053D /* ASIDataCompressorTests.m in Sources */,
				B6E5D7C116AFC5EC0078053D /* ASIDownloadCacheTests.m in Sources */,
				B6E5D7C216AFC5EC0078053D /* ASIFormDataRequestTests.m in Sources */,
				B6E5D7C316AFC5EC0078053D /* ASIHTTPRequestTests.m in Sources */,
				B6E5D7C416AFC5EC0078053D /* ASINetworkQueueTests.m in Sources */,
				B6E5D7C516AFC5EC0078053D /* ASIS3RequestTests.m in Sources */,
				B6E5D7C616AFC5EC0078053D /* ASITestCase.m in Sources */,
				B6E5D7C716AFC5EC0078053D /* ASIWebPageRequestTests.m in Sources */,
				B6E5D7C816AFC5EC0078053D /* BlocksTests.m in Sources */,
				B6E5D7C916AFC5EC0078053D /* ClientCertificateTests.m in Sources */,
				B6E5D7CA16AFC5EC0078053D /* GHUnitTestMain.m in Sources */,
				B6E5D7CB16AFC5EC0078053D /* PerformanceTests.m in Sources */,
				B6E5D7CC16AFC5EC0078053D /* ProxyTests.m in Sources */,
				B6E5D7CD16AFC5EC0078053D /* StressTests.m in Sources */,
				B6E5D7D616AFC71A0078053D /* MapTileDownloader.m in Sources */,
			);
			runOnlyForDeploymentPostprocessing = 0;
		};
		B691A1B3163E810F0053B398 /* Sources */ = {
			isa = PBXSourcesBuildPhase;
			buildActionMask = 2147483647;
			files = (
				B691A1C7163E810F0053B398 /* IncantorTests.m in Sources */,
			);
			runOnlyForDeploymentPostprocessing = 0;
		};
/* End PBXSourcesBuildPhase section */

/* Begin PBXTargetDependency section */
		B691A1BE163E810F0053B398 /* PBXTargetDependency */ = {
			isa = PBXTargetDependency;
			target = B691A196163E810F0053B398 /* Incantor */;
			targetProxy = B691A1BD163E810F0053B398 /* PBXContainerItemProxy */;
		};
/* End PBXTargetDependency section */

/* Begin PBXVariantGroup section */
		B691A1A4163E810F0053B398 /* InfoPlist.strings */ = {
			isa = PBXVariantGroup;
			children = (
				B691A1A5163E810F0053B398 /* en */,
			);
			name = InfoPlist.strings;
			sourceTree = "<group>";
		};
		B691A1C2163E810F0053B398 /* InfoPlist.strings */ = {
			isa = PBXVariantGroup;
			children = (
				B691A1C3163E810F0053B398 /* en */,
			);
			name = InfoPlist.strings;
			sourceTree = "<group>";
		};
/* End PBXVariantGroup section */

/* Begin XCBuildConfiguration section */
		B691A1C8163E810F0053B398 /* Debug */ = {
			isa = XCBuildConfiguration;
			buildSettings = {
				ALWAYS_SEARCH_USER_PATHS = NO;
				CLANG_CXX_LANGUAGE_STANDARD = "gnu++0x";
				CLANG_CXX_LIBRARY = "libc++";
				CLANG_WARN_EMPTY_BODY = YES;
				CLANG_WARN__DUPLICATE_METHOD_MATCH = YES;
				"CODE_SIGN_IDENTITY[sdk=iphoneos*]" = "iPhone Developer";
				COPY_PHASE_STRIP = NO;
				GCC_C_LANGUAGE_STANDARD = gnu99;
				GCC_DYNAMIC_NO_PIC = NO;
				GCC_OPTIMIZATION_LEVEL = 0;
				GCC_PREPROCESSOR_DEFINITIONS = (
					"DEBUG=1",
					"$(inherited)",
				);
				GCC_SYMBOLS_PRIVATE_EXTERN = NO;
				GCC_WARN_ABOUT_RETURN_TYPE = YES;
				GCC_WARN_UNINITIALIZED_AUTOS = YES;
				GCC_WARN_UNUSED_VARIABLE = YES;
				IPHONEOS_DEPLOYMENT_TARGET = 5.0;
				SDKROOT = iphoneos;
				TARGETED_DEVICE_FAMILY = "1,2";
			};
			name = Debug;
		};
		B691A1C9163E810F0053B398 /* Release */ = {
			isa = XCBuildConfiguration;
			buildSettings = {
				ALWAYS_SEARCH_USER_PATHS = NO;
				CLANG_CXX_LANGUAGE_STANDARD = "gnu++0x";
				CLANG_CXX_LIBRARY = "libc++";
				CLANG_WARN_EMPTY_BODY = YES;
				CLANG_WARN__DUPLICATE_METHOD_MATCH = YES;
				"CODE_SIGN_IDENTITY[sdk=iphoneos*]" = "iPhone Developer";
				COPY_PHASE_STRIP = YES;
				GCC_C_LANGUAGE_STANDARD = gnu99;
				GCC_WARN_ABOUT_RETURN_TYPE = YES;
				GCC_WARN_UNINITIALIZED_AUTOS = YES;
				GCC_WARN_UNUSED_VARIABLE = YES;
				IPHONEOS_DEPLOYMENT_TARGET = 5.0;
				OTHER_CFLAGS = "-DNS_BLOCK_ASSERTIONS=1";
				SDKROOT = iphoneos;
				TARGETED_DEVICE_FAMILY = "1,2";
				VALIDATE_PRODUCT = YES;
			};
			name = Release;
		};
		B691A1CB163E810F0053B398 /* Debug */ = {
			isa = XCBuildConfiguration;
			buildSettings = {
				GCC_PRECOMPILE_PREFIX_HEADER = YES;
				GCC_PREFIX_HEADER = "Incantor/Incantor-Prefix.pch";
				INFOPLIST_FILE = "Incantor/Incantor-Info.plist";
				PRODUCT_NAME = "$(TARGET_NAME)";
				WRAPPER_EXTENSION = app;
			};
			name = Debug;
		};
		B691A1CC163E810F0053B398 /* Release */ = {
			isa = XCBuildConfiguration;
			buildSettings = {
				GCC_PRECOMPILE_PREFIX_HEADER = YES;
				GCC_PREFIX_HEADER = "Incantor/Incantor-Prefix.pch";
				INFOPLIST_FILE = "Incantor/Incantor-Info.plist";
				PRODUCT_NAME = "$(TARGET_NAME)";
				WRAPPER_EXTENSION = app;
			};
			name = Release;
		};
		B691A1CE163E810F0053B398 /* Debug */ = {
			isa = XCBuildConfiguration;
			buildSettings = {
				BUNDLE_LOADER = "$(BUILT_PRODUCTS_DIR)/Incantor.app/Incantor";
				FRAMEWORK_SEARCH_PATHS = (
					"\"$(SDKROOT)/Developer/Library/Frameworks\"",
					"\"$(DEVELOPER_LIBRARY_DIR)/Frameworks\"",
				);
				GCC_PRECOMPILE_PREFIX_HEADER = YES;
				GCC_PREFIX_HEADER = "Incantor/Incantor-Prefix.pch";
				INFOPLIST_FILE = "IncantorTests/IncantorTests-Info.plist";
				PRODUCT_NAME = "$(TARGET_NAME)";
				TEST_HOST = "$(BUNDLE_LOADER)";
				WRAPPER_EXTENSION = octest;
			};
			name = Debug;
		};
		B691A1CF163E810F0053B398 /* Release */ = {
			isa = XCBuildConfiguration;
			buildSettings = {
				BUNDLE_LOADER = "$(BUILT_PRODUCTS_DIR)/Incantor.app/Incantor";
				FRAMEWORK_SEARCH_PATHS = (
					"\"$(SDKROOT)/Developer/Library/Frameworks\"",
					"\"$(DEVELOPER_LIBRARY_DIR)/Frameworks\"",
				);
				GCC_PRECOMPILE_PREFIX_HEADER = YES;
				GCC_PREFIX_HEADER = "Incantor/Incantor-Prefix.pch";
				INFOPLIST_FILE = "IncantorTests/IncantorTests-Info.plist";
				PRODUCT_NAME = "$(TARGET_NAME)";
				TEST_HOST = "$(BUNDLE_LOADER)";
				WRAPPER_EXTENSION = octest;
			};
			name = Release;
		};
/* End XCBuildConfiguration section */

/* Begin XCConfigurationList section */
		B691A191163E810F0053B398 /* Build configuration list for PBXProject "Incantor" */ = {
			isa = XCConfigurationList;
			buildConfigurations = (
				B691A1C8163E810F0053B398 /* Debug */,
				B691A1C9163E810F0053B398 /* Release */,
			);
			defaultConfigurationIsVisible = 0;
			defaultConfigurationName = Release;
		};
		B691A1CA163E810F0053B398 /* Build configuration list for PBXNativeTarget "Incantor" */ = {
			isa = XCConfigurationList;
			buildConfigurations = (
				B691A1CB163E810F0053B398 /* Debug */,
				B691A1CC163E810F0053B398 /* Release */,
			);
			defaultConfigurationIsVisible = 0;
			defaultConfigurationName = Release;
		};
		B691A1CD163E810F0053B398 /* Build configuration list for PBXNativeTarget "IncantorTests" */ = {
			isa = XCConfigurationList;
			buildConfigurations = (
				B691A1CE163E810F0053B398 /* Debug */,
				B691A1CF163E810F0053B398 /* Release */,
			);
			defaultConfigurationIsVisible = 0;
			defaultConfigurationName = Release;
		};
/* End XCConfigurationList section */
	};
	rootObject = B691A18E163E810F0053B398 /* Project object */;
}
